{
  "pins" : [
    {
      "identity" : "swift-syntax",
      "kind" : "remoteSourceControl",
      "location" : "https://github.com/apple/swift-syntax.git",
      "state" : {
        "branch" : "main",
        "revision" : "4d8981fa63789d105244a085394b35bc10d030c8"
      }
    }
  ],
  "version" : 2
}
